
Microsoft Visual Studio Solution File, Format Version 12.00
# Visual Studio Version 16
VisualStudioVersion = 16.0.30320.27
MinimumVisualStudioVersion = 10.0.40219.1
Project("{FAE04EC0-301F-11D3-BF4B-00C04F79EFBC}") = "dvsku.Wpf.Controls", "dvsku.Wpf.Controls\dvsku.Wpf.Controls.csproj", "{BE838D39-F0CE-4B2C-A8D6-84D035BAA753}"
EndProject
Project("{FAE04EC0-301F-11D3-BF4B-00C04F79EFBC}") = "dvsku.Wpf.Themes", "dvsku.Wpf.Themes\dvsku.Wpf.Themes.csproj", "{AC35E797-DB12-4BE0-B290-9BADCE0BE88E}"
EndProject
Global
	GlobalSection(SolutionConfigurationPlatforms) = preSolution
		Debug|Any CPU = Debug|Any CPU
		Release|Any CPU = Release|Any CPU
	EndGlobalSection
	GlobalSection(ProjectConfigurationPlatforms) = postSolution
		{BE838D39-F0CE-4B2C-A8D6-84D035BAA753}.Debug|Any CPU.ActiveCfg = Debug|Any CPU
		{BE838D39-F0CE-4B2C-A8D6-84D035BAA753}.Debug|Any CPU.Build.0 = Debug|Any CPU
		{BE838D39-F0CE-4B2C-A8D6-84D035BAA753}.Release|Any CPU.ActiveCfg = Release|Any CPU
		{BE838D39-F0CE-4B2C-A8D6-84D035BAA753}.Release|Any CPU.Build.0 = Release|Any CPU
		{AC35E797-DB12-4BE0-B290-9BADCE0BE88E}.Debug|Any CPU.ActiveCfg = Debug|Any CPU
		{AC35E797-DB12-4BE0-B290-9BADCE0BE88E}.Debug|Any CPU.Build.0 = Debug|Any CPU
		{AC35E797-DB12-4BE0-B290-9BADCE0BE88E}.Release|Any CPU.ActiveCfg = Release|Any CPU
		{AC35E797-DB12-4BE0-B290-9BADCE0BE88E}.Release|Any CPU.Build.0 = Release|Any CPU
	EndGlobalSection
	GlobalSection(SolutionProperties) = preSolution
		HideSolutionNode = FALSE
	EndGlobalSection
	GlobalSection(ExtensibilityGlobals) = postSolution
		SolutionGuid = {60DF8B7E-A3BE-4695-BE3D-7EE704832D55}
	EndGlobalSection
EndGlobal
