
Microsoft Visual Studio Solution File, Format Version 12.00
# Visual Studio Version 16
VisualStudioVersion = 16.0.30320.27
MinimumVisualStudioVersion = 10.0.40219.1
Project("{FAE04EC0-301F-11D3-BF4B-00C04F79EFBC}") = "dvsku.Wpf.Commands", "dvsku.Wpf.Commands\dvsku.Wpf.Commands.csproj", "{C5AC3EEC-DC46-4FDE-B371-9008AF2D6265}"
EndProject
Project("{FAE04EC0-301F-11D3-BF4B-00C04F79EFBC}") = "dvsku.Wpf.ViewModels", "dvsku.Wpf.ViewModels\dvsku.Wpf.ViewModels.csproj", "{26310A84-9C1F-40F9-BAE5-4D92B2C66E9C}"
EndProject
Project("{FAE04EC0-301F-11D3-BF4B-00C04F79EFBC}") = "dvsku.Wpf.Controls", "dvsku.Wpf.Controls\dvsku.Wpf.Controls.csproj", "{BE838D39-F0CE-4B2C-A8D6-84D035BAA753}"
EndProject
Project("{FAE04EC0-301F-11D3-BF4B-00C04F79EFBC}") = "dvsku.Wpf.Themes", "dvsku.Wpf.Themes\dvsku.Wpf.Themes.csproj", "{AC35E797-DB12-4BE0-B290-9BADCE0BE88E}"
EndProject
Project("{FAE04EC0-301F-11D3-BF4B-00C04F79EFBC}") = "dvsku.Wpf", "dvsku.Wpf\dvsku.Wpf.csproj", "{36CA6EB5-7D7F-4AF4-9638-AD51EAF20394}"
EndProject
Project("{2150E333-8FDC-42A3-9474-1A3956D46DE8}") = "Examples", "Examples", "{9EE36269-BCDC-4FEF-BEA7-A31CFDB52D67}"
EndProject
Project("{FAE04EC0-301F-11D3-BF4B-00C04F79EFBC}") = "dvsku.Wpf.Examples", "dvsku.Wpf.Examples\dvsku.Wpf.Examples.csproj", "{657F554A-A970-44F3-B02A-8D46E6ECE60F}"
EndProject
Global
	GlobalSection(SolutionConfigurationPlatforms) = preSolution
		Debug|Any CPU = Debug|Any CPU
		Release|Any CPU = Release|Any CPU
	EndGlobalSection
	GlobalSection(ProjectConfigurationPlatforms) = postSolution
		{C5AC3EEC-DC46-4FDE-B371-9008AF2D6265}.Debug|Any CPU.ActiveCfg = Debug|Any CPU
		{C5AC3EEC-DC46-4FDE-B371-9008AF2D6265}.Debug|Any CPU.Build.0 = Debug|Any CPU
		{C5AC3EEC-DC46-4FDE-B371-9008AF2D6265}.Release|Any CPU.ActiveCfg = Release|Any CPU
		{C5AC3EEC-DC46-4FDE-B371-9008AF2D6265}.Release|Any CPU.Build.0 = Release|Any CPU
		{26310A84-9C1F-40F9-BAE5-4D92B2C66E9C}.Debug|Any CPU.ActiveCfg = Debug|Any CPU
		{26310A84-9C1F-40F9-BAE5-4D92B2C66E9C}.Debug|Any CPU.Build.0 = Debug|Any CPU
		{26310A84-9C1F-40F9-BAE5-4D92B2C66E9C}.Release|Any CPU.ActiveCfg = Release|Any CPU
		{26310A84-9C1F-40F9-BAE5-4D92B2C66E9C}.Release|Any CPU.Build.0 = Release|Any CPU
		{BE838D39-F0CE-4B2C-A8D6-84D035BAA753}.Debug|Any CPU.ActiveCfg = Debug|Any CPU
		{BE838D39-F0CE-4B2C-A8D6-84D035BAA753}.Debug|Any CPU.Build.0 = Debug|Any CPU
		{BE838D39-F0CE-4B2C-A8D6-84D035BAA753}.Release|Any CPU.ActiveCfg = Release|Any CPU
		{BE838D39-F0CE-4B2C-A8D6-84D035BAA753}.Release|Any CPU.Build.0 = Release|Any CPU
		{AC35E797-DB12-4BE0-B290-9BADCE0BE88E}.Debug|Any CPU.ActiveCfg = Debug|Any CPU
		{AC35E797-DB12-4BE0-B290-9BADCE0BE88E}.Debug|Any CPU.Build.0 = Debug|Any CPU
		{AC35E797-DB12-4BE0-B290-9BADCE0BE88E}.Release|Any CPU.ActiveCfg = Release|Any CPU
		{AC35E797-DB12-4BE0-B290-9BADCE0BE88E}.Release|Any CPU.Build.0 = Release|Any CPU
		{36CA6EB5-7D7F-4AF4-9638-AD51EAF20394}.Debug|Any CPU.ActiveCfg = Debug|Any CPU
		{36CA6EB5-7D7F-4AF4-9638-AD51EAF20394}.Debug|Any CPU.Build.0 = Debug|Any CPU
		{36CA6EB5-7D7F-4AF4-9638-AD51EAF20394}.Release|Any CPU.ActiveCfg = Release|Any CPU
		{36CA6EB5-7D7F-4AF4-9638-AD51EAF20394}.Release|Any CPU.Build.0 = Release|Any CPU
		{657F554A-A970-44F3-B02A-8D46E6ECE60F}.Debug|Any CPU.ActiveCfg = Debug|Any CPU
		{657F554A-A970-44F3-B02A-8D46E6ECE60F}.Debug|Any CPU.Build.0 = Debug|Any CPU
		{657F554A-A970-44F3-B02A-8D46E6ECE60F}.Release|Any CPU.ActiveCfg = Release|Any CPU
		{657F554A-A970-44F3-B02A-8D46E6ECE60F}.Release|Any CPU.Build.0 = Release|Any CPU
	EndGlobalSection
	GlobalSection(SolutionProperties) = preSolution
		HideSolutionNode = FALSE
	EndGlobalSection
	GlobalSection(NestedProjects) = preSolution
		{657F554A-A970-44F3-B02A-8D46E6ECE60F} = {9EE36269-BCDC-4FEF-BEA7-A31CFDB52D67}
	EndGlobalSection
	GlobalSection(ExtensibilityGlobals) = postSolution
		SolutionGuid = {60DF8B7E-A3BE-4695-BE3D-7EE704832D55}
	EndGlobalSection
EndGlobal
